
Microsoft Visual Studio Solution File, Format Version 12.00
# Visual Studio Version 17
VisualStudioVersion = 17.11.35327.3
MinimumVisualStudioVersion = 10.0.40219.1
Project("{FAE04EC0-301F-11D3-BF4B-00C04F79EFBC}") = "Cidade_Inteligente", "Cidade_Inteligente\Cidade_Inteligente.csproj", "{017193E2-6AE3-4998-9E6C-F8DDE21B9DA7}"
EndProject
Global
	GlobalSection(SolutionConfigurationPlatforms) = preSolution
		Debug|Any CPU = Debug|Any CPU
		Release|Any CPU = Release|Any CPU
	EndGlobalSection
	GlobalSection(ProjectConfigurationPlatforms) = postSolution
		{017193E2-6AE3-4998-9E6C-F8DDE21B9DA7}.Debug|Any CPU.ActiveCfg = Debug|Any CPU
		{017193E2-6AE3-4998-9E6C-F8DDE21B9DA7}.Debug|Any CPU.Build.0 = Debug|Any CPU
		{017193E2-6AE3-4998-9E6C-F8DDE21B9DA7}.Release|Any CPU.ActiveCfg = Release|Any CPU
		{017193E2-6AE3-4998-9E6C-F8DDE21B9DA7}.Release|Any CPU.Build.0 = Release|Any CPU
	EndGlobalSection
	GlobalSection(SolutionProperties) = preSolution
		HideSolutionNode = FALSE
	EndGlobalSection
	GlobalSection(ExtensibilityGlobals) = postSolution
		SolutionGuid = {A95E22BC-CA18-4D32-8423-00A37306D541}
	EndGlobalSection
EndGlobal
